
Microsoft Visual Studio Solution File, Format Version 12.00
# Visual Studio Version 17
VisualStudioVersion = 17.0.31903.59
MinimumVisualStudioVersion = 10.0.40219.1
Project("{FAE04EC0-301F-11D3-BF4B-00C04F79EFBC}") = "StringCalculatorKata", "StringCalculatorKata\StringCalculatorKata.csproj", "{C6399258-1FA9-4A17-BE66-CF65654C1C62}"
EndProject
Project("{FAE04EC0-301F-11D3-BF4B-00C04F79EFBC}") = "StringCalculatorKata.Tests", "StringCalculatorKata.Tests\StringCalculatorKata.Tests.csproj", "{3DC09578-B12D-4478-BEC0-40E8D7466E14}"
EndProject
Global
	GlobalSection(SolutionConfigurationPlatforms) = preSolution
		Debug|Any CPU = Debug|Any CPU
		Debug|x64 = Debug|x64
		Debug|x86 = Debug|x86
		Release|Any CPU = Release|Any CPU
		Release|x64 = Release|x64
		Release|x86 = Release|x86
	EndGlobalSection
	GlobalSection(ProjectConfigurationPlatforms) = postSolution
		{C6399258-1FA9-4A17-BE66-CF65654C1C62}.Debug|Any CPU.ActiveCfg = Debug|Any CPU
		{C6399258-1FA9-4A17-BE66-CF65654C1C62}.Debug|Any CPU.Build.0 = Debug|Any CPU
		{C6399258-1FA9-4A17-BE66-CF65654C1C62}.Debug|x64.ActiveCfg = Debug|Any CPU
		{C6399258-1FA9-4A17-BE66-CF65654C1C62}.Debug|x64.Build.0 = Debug|Any CPU
		{C6399258-1FA9-4A17-BE66-CF65654C1C62}.Debug|x86.ActiveCfg = Debug|Any CPU
		{C6399258-1FA9-4A17-BE66-CF65654C1C62}.Debug|x86.Build.0 = Debug|Any CPU
		{C6399258-1FA9-4A17-BE66-CF65654C1C62}.Release|Any CPU.ActiveCfg = Release|Any CPU
		{C6399258-1FA9-4A17-BE66-CF65654C1C62}.Release|Any CPU.Build.0 = Release|Any CPU
		{C6399258-1FA9-4A17-BE66-CF65654C1C62}.Release|x64.ActiveCfg = Release|Any CPU
		{C6399258-1FA9-4A17-BE66-CF65654C1C62}.Release|x64.Build.0 = Release|Any CPU
		{C6399258-1FA9-4A17-BE66-CF65654C1C62}.Release|x86.ActiveCfg = Release|Any CPU
		{C6399258-1FA9-4A17-BE66-CF65654C1C62}.Release|x86.Build.0 = Release|Any CPU
		{3DC09578-B12D-4478-BEC0-40E8D7466E14}.Debug|Any CPU.ActiveCfg = Debug|Any CPU
		{3DC09578-B12D-4478-BEC0-40E8D7466E14}.Debug|Any CPU.Build.0 = Debug|Any CPU
		{3DC09578-B12D-4478-BEC0-40E8D7466E14}.Debug|x64.ActiveCfg = Debug|Any CPU
		{3DC09578-B12D-4478-BEC0-40E8D7466E14}.Debug|x64.Build.0 = Debug|Any CPU
		{3DC09578-B12D-4478-BEC0-40E8D7466E14}.Debug|x86.ActiveCfg = Debug|Any CPU
		{3DC09578-B12D-4478-BEC0-40E8D7466E14}.Debug|x86.Build.0 = Debug|Any CPU
		{3DC09578-B12D-4478-BEC0-40E8D7466E14}.Release|Any CPU.ActiveCfg = Release|Any CPU
		{3DC09578-B12D-4478-BEC0-40E8D7466E14}.Release|Any CPU.Build.0 = Release|Any CPU
		{3DC09578-B12D-4478-BEC0-40E8D7466E14}.Release|x64.ActiveCfg = Release|Any CPU
		{3DC09578-B12D-4478-BEC0-40E8D7466E14}.Release|x64.Build.0 = Release|Any CPU
		{3DC09578-B12D-4478-BEC0-40E8D7466E14}.Release|x86.ActiveCfg = Release|Any CPU
		{3DC09578-B12D-4478-BEC0-40E8D7466E14}.Release|x86.Build.0 = Release|Any CPU
	EndGlobalSection
	GlobalSection(SolutionProperties) = preSolution
		HideSolutionNode = FALSE
	EndGlobalSection
EndGlobal
